
Microsoft Visual Studio Solution File, Format Version 12.00
# Visual Studio Version 17
VisualStudioVersion = 17.4.33110.190
MinimumVisualStudioVersion = 10.0.40219.1
Project("{FAE04EC0-301F-11D3-BF4B-00C04F79EFBC}") = "BlackJack", "BlackJack\BlackJack.csproj", "{C888A094-2389-459E-9AC9-E8837AFAE3C3}"
EndProject
Global
	GlobalSection(SolutionConfigurationPlatforms) = preSolution
		Debug|Any CPU = Debug|Any CPU
		Release|Any CPU = Release|Any CPU
	EndGlobalSection
	GlobalSection(ProjectConfigurationPlatforms) = postSolution
		{C888A094-2389-459E-9AC9-E8837AFAE3C3}.Debug|Any CPU.ActiveCfg = Debug|Any CPU
		{C888A094-2389-459E-9AC9-E8837AFAE3C3}.Debug|Any CPU.Build.0 = Debug|Any CPU
		{C888A094-2389-459E-9AC9-E8837AFAE3C3}.Release|Any CPU.ActiveCfg = Release|Any CPU
		{C888A094-2389-459E-9AC9-E8837AFAE3C3}.Release|Any CPU.Build.0 = Release|Any CPU
	EndGlobalSection
	GlobalSection(SolutionProperties) = preSolution
		HideSolutionNode = FALSE
	EndGlobalSection
	GlobalSection(ExtensibilityGlobals) = postSolution
		SolutionGuid = {90C1D784-9407-4E3A-8487-8393FFCA3C9D}
	EndGlobalSection
EndGlobal
